
Microsoft Visual Studio Solution File, Format Version 12.00
# Visual Studio Version 16
VisualStudioVersion = 16.0.32002.261
MinimumVisualStudioVersion = 10.0.40219.1
Project("{FAE04EC0-301F-11D3-BF4B-00C04F79EFBC}") = "Interfaces.Polygons.Library", "Interfaces.Polygons.Library\Interfaces.Polygons.Library.csproj", "{CB4B4066-E813-4F72-BC3E-5F90907C57EC}"
EndProject
Project("{FAE04EC0-301F-11D3-BF4B-00C04F79EFBC}") = "Interfaces.Polygons.ConsoleApplication", "Interfaces.Polygons.Console\Interfaces.Polygons.ConsoleApplication.csproj", "{3C98B6AF-5072-4E93-9367-428EE454C6CC}"
EndProject
Project("{FAE04EC0-301F-11D3-BF4B-00C04F79EFBC}") = "Interfaces.Polygons.Extensions", "Interfaces.Polygons.Extensions\Interfaces.Polygons.Extensions.csproj", "{19F0F920-EEFA-4E56-ACD3-1F2B03405DD7}"
EndProject
Project("{2150E333-8FDC-42A3-9474-1A3956D46DE8}") = "BasicUse", "BasicUse", "{541454FC-1144-4A2D-871C-4DD9026E683E}"
EndProject
Project("{2150E333-8FDC-42A3-9474-1A3956D46DE8}") = "WPFApp", "WPFApp", "{2B3D62D6-213A-48FA-AC8C-E46EABEFE44F}"
EndProject
Project("{FAE04EC0-301F-11D3-BF4B-00C04F79EFBC}") = "FutureProofing.Person.Library", "FutureProofing.Library\FutureProofing.Person.Library.csproj", "{3AB5173B-B0B2-4A0D-93CA-707D15BF55AE}"
EndProject
Project("{FAE04EC0-301F-11D3-BF4B-00C04F79EFBC}") = "FutureProofing.People.Viewer", "FutureProofing.People.Viewer\FutureProofing.People.Viewer.csproj", "{ADB0789F-0A20-456E-8465-13DA9CAF591E}"
EndProject
Project("{2150E333-8FDC-42A3-9474-1A3956D46DE8}") = "RepositoryPattern", "RepositoryPattern", "{59A10274-96E6-4207-A3E9-FFD4BAAFD40B}"
EndProject
Project("{2150E333-8FDC-42A3-9474-1A3956D46DE8}") = "Repositories", "Repositories", "{9655C10C-08B2-4655-8EE7-A5FD26903CC4}"
EndProject
Project("{FAE04EC0-301F-11D3-BF4B-00C04F79EFBC}") = "People.Repository.Itnerface", "Person.Repository.Itnerface\People.Repository.Itnerface.csproj", "{269D9185-8512-442B-910D-3191D5C6D9FE}"
EndProject
Project("{2150E333-8FDC-42A3-9474-1A3956D46DE8}") = "Services", "Services", "{658BD93C-0CB5-42BB-B836-71F566A6BA5D}"
EndProject
Project("{FAE04EC0-301F-11D3-BF4B-00C04F79EFBC}") = "People.Viewer", "People.Viewer\People.Viewer.csproj", "{0F67BA65-915C-4649-BBD1-8F8F414EE785}"
EndProject
Project("{FAE04EC0-301F-11D3-BF4B-00C04F79EFBC}") = "People.Repository.Service", "People.Repository.Service\People.Repository.Service.csproj", "{25F02A9B-74C4-456D-B7F9-442F7AF9AAD8}"
	ProjectSection(ProjectDependencies) = postProject
		{27621EA3-9C7D-4D45-9F27-BCED69EE40DA} = {27621EA3-9C7D-4D45-9F27-BCED69EE40DA}
	EndProjectSection
EndProject
Project("{E24C65DC-7377-472B-9ABA-BC803B73C61A}") = "People.WCFService", "People.WCFService\", "{27621EA3-9C7D-4D45-9F27-BCED69EE40DA}"
	ProjectSection(WebsiteProperties) = preProject
		TargetFrameworkMoniker = ".NETFramework,Version%3Dv4.8"
		ProjectReferences = "{269d9185-8512-442b-910d-3191d5c6d9fe}|Person.Repository.Itnerface.dll;"
		Debug.AspNetCompiler.VirtualPath = "/localhost_49169"
		Debug.AspNetCompiler.PhysicalPath = "People.WCFService\"
		Debug.AspNetCompiler.TargetPath = "PrecompiledWeb\localhost_49169\"
		Debug.AspNetCompiler.Updateable = "true"
		Debug.AspNetCompiler.ForceOverwrite = "true"
		Debug.AspNetCompiler.FixedNames = "false"
		Debug.AspNetCompiler.Debug = "True"
		Release.AspNetCompiler.VirtualPath = "/localhost_49169"
		Release.AspNetCompiler.PhysicalPath = "People.WCFService\"
		Release.AspNetCompiler.TargetPath = "PrecompiledWeb\localhost_49169\"
		Release.AspNetCompiler.Updateable = "true"
		Release.AspNetCompiler.ForceOverwrite = "true"
		Release.AspNetCompiler.FixedNames = "false"
		Release.AspNetCompiler.Debug = "False"
		VWDPort = "49169"
		SlnRelativePath = "People.WCFService\"
		DefaultWebSiteLanguage = "Visual C#"
	EndProjectSection
EndProject
Project("{FAE04EC0-301F-11D3-BF4B-00C04F79EFBC}") = "People.Repository.CSV", "People.Repository.CSV\People.Repository.CSV.csproj", "{5BBD21C0-CBE7-4A61-A126-E1FF9077EDA6}"
EndProject
Project("{FAE04EC0-301F-11D3-BF4B-00C04F79EFBC}") = "People.Repository.SQL", "People.Repository.SQL\People.Repository.SQL.csproj", "{1334DFD9-D8FD-41BD-94AB-AA355D7B4181}"
EndProject
Project("{2150E333-8FDC-42A3-9474-1A3956D46DE8}") = "ExplicitImplementation", "ExplicitImplementation", "{2B5B76AA-E491-48B3-AAC4-712D08D81AB9}"
EndProject
Project("{FAE04EC0-301F-11D3-BF4B-00C04F79EFBC}") = "ExplicitImplementation.Library", "ExplicitImplementation.Library\ExplicitImplementation.Library.csproj", "{051AD778-12BE-40A0-869F-87E36D35FB51}"
EndProject
Project("{FAE04EC0-301F-11D3-BF4B-00C04F79EFBC}") = "ExplicitImplementation.ConsoleApp", "ExplicitImplementation.ConsoleApp\ExplicitImplementation.ConsoleApp.csproj", "{045D3373-96B2-48C9-A82C-733D856093CA}"
EndProject
Project("{2150E333-8FDC-42A3-9474-1A3956D46DE8}") = "DynamicRepository", "DynamicRepository", "{8A281AF6-7641-4202-A801-BDCECE5452E5}"
EndProject
Project("{FAE04EC0-301F-11D3-BF4B-00C04F79EFBC}") = "DynamicRepository.WPFApplication", "DynamicRepository.WPFApplication\DynamicRepository.WPFApplication.csproj", "{F128FCC2-6BCE-4B82-ACB6-64C254093538}"
EndProject
Project("{FAE04EC0-301F-11D3-BF4B-00C04F79EFBC}") = "PersonRepository.Fake", "PersonRepository.Fake\PersonRepository.Fake.csproj", "{997DC7D2-B20E-4A80-9842-6FF15BE4A12B}"
EndProject
Project("{FAE04EC0-301F-11D3-BF4B-00C04F79EFBC}") = "PeopleViewer.Test", "PeopleViewer.Test\PeopleViewer.Test.csproj", "{BD3F6616-867D-47C4-A170-2CCA4EE4EB38}"
EndProject
Project("{2150E333-8FDC-42A3-9474-1A3956D46DE8}") = "DependencyInjection", "DependencyInjection", "{EABCF5CC-7D6C-4CAF-A0EF-C0DE672376A4}"
EndProject
Project("{FAE04EC0-301F-11D3-BF4B-00C04F79EFBC}") = "People.Viewer.SimpleDI", "People.Viewer.SimpleDI\People.Viewer.SimpleDI.csproj", "{83755928-DD7B-41FB-AC6C-EA1DF8404EBA}"
EndProject
Project("{FAE04EC0-301F-11D3-BF4B-00C04F79EFBC}") = "PeopleViewer.Tests", "PeopleViewer.Tests\PeopleViewer.Tests.csproj", "{2B8C699E-7C60-47EE-8346-5E606F452A16}"
EndProject
Global
	GlobalSection(SolutionConfigurationPlatforms) = preSolution
		Debug|Any CPU = Debug|Any CPU
		Release|Any CPU = Release|Any CPU
	EndGlobalSection
	GlobalSection(ProjectConfigurationPlatforms) = postSolution
		{CB4B4066-E813-4F72-BC3E-5F90907C57EC}.Debug|Any CPU.ActiveCfg = Debug|Any CPU
		{CB4B4066-E813-4F72-BC3E-5F90907C57EC}.Debug|Any CPU.Build.0 = Debug|Any CPU
		{CB4B4066-E813-4F72-BC3E-5F90907C57EC}.Release|Any CPU.ActiveCfg = Release|Any CPU
		{CB4B4066-E813-4F72-BC3E-5F90907C57EC}.Release|Any CPU.Build.0 = Release|Any CPU
		{3C98B6AF-5072-4E93-9367-428EE454C6CC}.Debug|Any CPU.ActiveCfg = Debug|Any CPU
		{3C98B6AF-5072-4E93-9367-428EE454C6CC}.Debug|Any CPU.Build.0 = Debug|Any CPU
		{3C98B6AF-5072-4E93-9367-428EE454C6CC}.Release|Any CPU.ActiveCfg = Release|Any CPU
		{3C98B6AF-5072-4E93-9367-428EE454C6CC}.Release|Any CPU.Build.0 = Release|Any CPU
		{19F0F920-EEFA-4E56-ACD3-1F2B03405DD7}.Debug|Any CPU.ActiveCfg = Debug|Any CPU
		{19F0F920-EEFA-4E56-ACD3-1F2B03405DD7}.Debug|Any CPU.Build.0 = Debug|Any CPU
		{19F0F920-EEFA-4E56-ACD3-1F2B03405DD7}.Release|Any CPU.ActiveCfg = Release|Any CPU
		{19F0F920-EEFA-4E56-ACD3-1F2B03405DD7}.Release|Any CPU.Build.0 = Release|Any CPU
		{3AB5173B-B0B2-4A0D-93CA-707D15BF55AE}.Debug|Any CPU.ActiveCfg = Debug|Any CPU
		{3AB5173B-B0B2-4A0D-93CA-707D15BF55AE}.Debug|Any CPU.Build.0 = Debug|Any CPU
		{3AB5173B-B0B2-4A0D-93CA-707D15BF55AE}.Release|Any CPU.ActiveCfg = Release|Any CPU
		{3AB5173B-B0B2-4A0D-93CA-707D15BF55AE}.Release|Any CPU.Build.0 = Release|Any CPU
		{ADB0789F-0A20-456E-8465-13DA9CAF591E}.Debug|Any CPU.ActiveCfg = Debug|Any CPU
		{ADB0789F-0A20-456E-8465-13DA9CAF591E}.Debug|Any CPU.Build.0 = Debug|Any CPU
		{ADB0789F-0A20-456E-8465-13DA9CAF591E}.Release|Any CPU.ActiveCfg = Release|Any CPU
		{ADB0789F-0A20-456E-8465-13DA9CAF591E}.Release|Any CPU.Build.0 = Release|Any CPU
		{269D9185-8512-442B-910D-3191D5C6D9FE}.Debug|Any CPU.ActiveCfg = Debug|Any CPU
		{269D9185-8512-442B-910D-3191D5C6D9FE}.Debug|Any CPU.Build.0 = Debug|Any CPU
		{269D9185-8512-442B-910D-3191D5C6D9FE}.Release|Any CPU.ActiveCfg = Release|Any CPU
		{269D9185-8512-442B-910D-3191D5C6D9FE}.Release|Any CPU.Build.0 = Release|Any CPU
		{0F67BA65-915C-4649-BBD1-8F8F414EE785}.Debug|Any CPU.ActiveCfg = Debug|Any CPU
		{0F67BA65-915C-4649-BBD1-8F8F414EE785}.Debug|Any CPU.Build.0 = Debug|Any CPU
		{0F67BA65-915C-4649-BBD1-8F8F414EE785}.Release|Any CPU.ActiveCfg = Release|Any CPU
		{0F67BA65-915C-4649-BBD1-8F8F414EE785}.Release|Any CPU.Build.0 = Release|Any CPU
		{25F02A9B-74C4-456D-B7F9-442F7AF9AAD8}.Debug|Any CPU.ActiveCfg = Debug|Any CPU
		{25F02A9B-74C4-456D-B7F9-442F7AF9AAD8}.Debug|Any CPU.Build.0 = Debug|Any CPU
		{25F02A9B-74C4-456D-B7F9-442F7AF9AAD8}.Release|Any CPU.ActiveCfg = Release|Any CPU
		{25F02A9B-74C4-456D-B7F9-442F7AF9AAD8}.Release|Any CPU.Build.0 = Release|Any CPU
		{27621EA3-9C7D-4D45-9F27-BCED69EE40DA}.Debug|Any CPU.ActiveCfg = Debug|Any CPU
		{27621EA3-9C7D-4D45-9F27-BCED69EE40DA}.Debug|Any CPU.Build.0 = Debug|Any CPU
		{27621EA3-9C7D-4D45-9F27-BCED69EE40DA}.Release|Any CPU.ActiveCfg = Debug|Any CPU
		{27621EA3-9C7D-4D45-9F27-BCED69EE40DA}.Release|Any CPU.Build.0 = Debug|Any CPU
		{5BBD21C0-CBE7-4A61-A126-E1FF9077EDA6}.Debug|Any CPU.ActiveCfg = Debug|Any CPU
		{5BBD21C0-CBE7-4A61-A126-E1FF9077EDA6}.Debug|Any CPU.Build.0 = Debug|Any CPU
		{5BBD21C0-CBE7-4A61-A126-E1FF9077EDA6}.Release|Any CPU.ActiveCfg = Release|Any CPU
		{5BBD21C0-CBE7-4A61-A126-E1FF9077EDA6}.Release|Any CPU.Build.0 = Release|Any CPU
		{1334DFD9-D8FD-41BD-94AB-AA355D7B4181}.Debug|Any CPU.ActiveCfg = Debug|Any CPU
		{1334DFD9-D8FD-41BD-94AB-AA355D7B4181}.Debug|Any CPU.Build.0 = Debug|Any CPU
		{1334DFD9-D8FD-41BD-94AB-AA355D7B4181}.Release|Any CPU.ActiveCfg = Release|Any CPU
		{1334DFD9-D8FD-41BD-94AB-AA355D7B4181}.Release|Any CPU.Build.0 = Release|Any CPU
		{051AD778-12BE-40A0-869F-87E36D35FB51}.Debug|Any CPU.ActiveCfg = Debug|Any CPU
		{051AD778-12BE-40A0-869F-87E36D35FB51}.Debug|Any CPU.Build.0 = Debug|Any CPU
		{051AD778-12BE-40A0-869F-87E36D35FB51}.Release|Any CPU.ActiveCfg = Release|Any CPU
		{051AD778-12BE-40A0-869F-87E36D35FB51}.Release|Any CPU.Build.0 = Release|Any CPU
		{045D3373-96B2-48C9-A82C-733D856093CA}.Debug|Any CPU.ActiveCfg = Debug|Any CPU
		{045D3373-96B2-48C9-A82C-733D856093CA}.Debug|Any CPU.Build.0 = Debug|Any CPU
		{045D3373-96B2-48C9-A82C-733D856093CA}.Release|Any CPU.ActiveCfg = Release|Any CPU
		{045D3373-96B2-48C9-A82C-733D856093CA}.Release|Any CPU.Build.0 = Release|Any CPU
		{F128FCC2-6BCE-4B82-ACB6-64C254093538}.Debug|Any CPU.ActiveCfg = Debug|Any CPU
		{F128FCC2-6BCE-4B82-ACB6-64C254093538}.Debug|Any CPU.Build.0 = Debug|Any CPU
		{F128FCC2-6BCE-4B82-ACB6-64C254093538}.Release|Any CPU.ActiveCfg = Release|Any CPU
		{F128FCC2-6BCE-4B82-ACB6-64C254093538}.Release|Any CPU.Build.0 = Release|Any CPU
		{997DC7D2-B20E-4A80-9842-6FF15BE4A12B}.Debug|Any CPU.ActiveCfg = Debug|Any CPU
		{997DC7D2-B20E-4A80-9842-6FF15BE4A12B}.Debug|Any CPU.Build.0 = Debug|Any CPU
		{997DC7D2-B20E-4A80-9842-6FF15BE4A12B}.Release|Any CPU.ActiveCfg = Release|Any CPU
		{997DC7D2-B20E-4A80-9842-6FF15BE4A12B}.Release|Any CPU.Build.0 = Release|Any CPU
		{BD3F6616-867D-47C4-A170-2CCA4EE4EB38}.Debug|Any CPU.ActiveCfg = Debug|Any CPU
		{BD3F6616-867D-47C4-A170-2CCA4EE4EB38}.Debug|Any CPU.Build.0 = Debug|Any CPU
		{BD3F6616-867D-47C4-A170-2CCA4EE4EB38}.Release|Any CPU.ActiveCfg = Release|Any CPU
		{BD3F6616-867D-47C4-A170-2CCA4EE4EB38}.Release|Any CPU.Build.0 = Release|Any CPU
		{83755928-DD7B-41FB-AC6C-EA1DF8404EBA}.Debug|Any CPU.ActiveCfg = Debug|Any CPU
		{83755928-DD7B-41FB-AC6C-EA1DF8404EBA}.Debug|Any CPU.Build.0 = Debug|Any CPU
		{83755928-DD7B-41FB-AC6C-EA1DF8404EBA}.Release|Any CPU.ActiveCfg = Release|Any CPU
		{83755928-DD7B-41FB-AC6C-EA1DF8404EBA}.Release|Any CPU.Build.0 = Release|Any CPU
		{2B8C699E-7C60-47EE-8346-5E606F452A16}.Debug|Any CPU.ActiveCfg = Debug|Any CPU
		{2B8C699E-7C60-47EE-8346-5E606F452A16}.Debug|Any CPU.Build.0 = Debug|Any CPU
		{2B8C699E-7C60-47EE-8346-5E606F452A16}.Release|Any CPU.ActiveCfg = Release|Any CPU
		{2B8C699E-7C60-47EE-8346-5E606F452A16}.Release|Any CPU.Build.0 = Release|Any CPU
	EndGlobalSection
	GlobalSection(SolutionProperties) = preSolution
		HideSolutionNode = FALSE
	EndGlobalSection
	GlobalSection(NestedProjects) = preSolution
		{CB4B4066-E813-4F72-BC3E-5F90907C57EC} = {541454FC-1144-4A2D-871C-4DD9026E683E}
		{3C98B6AF-5072-4E93-9367-428EE454C6CC} = {541454FC-1144-4A2D-871C-4DD9026E683E}
		{19F0F920-EEFA-4E56-ACD3-1F2B03405DD7} = {541454FC-1144-4A2D-871C-4DD9026E683E}
		{3AB5173B-B0B2-4A0D-93CA-707D15BF55AE} = {2B3D62D6-213A-48FA-AC8C-E46EABEFE44F}
		{ADB0789F-0A20-456E-8465-13DA9CAF591E} = {2B3D62D6-213A-48FA-AC8C-E46EABEFE44F}
		{9655C10C-08B2-4655-8EE7-A5FD26903CC4} = {59A10274-96E6-4207-A3E9-FFD4BAAFD40B}
		{269D9185-8512-442B-910D-3191D5C6D9FE} = {9655C10C-08B2-4655-8EE7-A5FD26903CC4}
		{658BD93C-0CB5-42BB-B836-71F566A6BA5D} = {59A10274-96E6-4207-A3E9-FFD4BAAFD40B}
		{0F67BA65-915C-4649-BBD1-8F8F414EE785} = {59A10274-96E6-4207-A3E9-FFD4BAAFD40B}
		{25F02A9B-74C4-456D-B7F9-442F7AF9AAD8} = {9655C10C-08B2-4655-8EE7-A5FD26903CC4}
		{27621EA3-9C7D-4D45-9F27-BCED69EE40DA} = {658BD93C-0CB5-42BB-B836-71F566A6BA5D}
		{5BBD21C0-CBE7-4A61-A126-E1FF9077EDA6} = {9655C10C-08B2-4655-8EE7-A5FD26903CC4}
		{1334DFD9-D8FD-41BD-94AB-AA355D7B4181} = {9655C10C-08B2-4655-8EE7-A5FD26903CC4}
		{051AD778-12BE-40A0-869F-87E36D35FB51} = {2B5B76AA-E491-48B3-AAC4-712D08D81AB9}
		{045D3373-96B2-48C9-A82C-733D856093CA} = {2B5B76AA-E491-48B3-AAC4-712D08D81AB9}
		{F128FCC2-6BCE-4B82-ACB6-64C254093538} = {8A281AF6-7641-4202-A801-BDCECE5452E5}
		{997DC7D2-B20E-4A80-9842-6FF15BE4A12B} = {8A281AF6-7641-4202-A801-BDCECE5452E5}
		{BD3F6616-867D-47C4-A170-2CCA4EE4EB38} = {8A281AF6-7641-4202-A801-BDCECE5452E5}
		{83755928-DD7B-41FB-AC6C-EA1DF8404EBA} = {EABCF5CC-7D6C-4CAF-A0EF-C0DE672376A4}
		{2B8C699E-7C60-47EE-8346-5E606F452A16} = {EABCF5CC-7D6C-4CAF-A0EF-C0DE672376A4}
	EndGlobalSection
	GlobalSection(ExtensibilityGlobals) = postSolution
		SolutionGuid = {8B77C21D-40EF-463D-A613-6A302AC29114}
	EndGlobalSection
EndGlobal
